
Microsoft Visual Studio Solution File, Format Version 12.00
# Visual Studio Version 17
VisualStudioVersion = 17.12.35527.113 d17.12
MinimumVisualStudioVersion = 10.0.40219.1
Project("{FAE04EC0-301F-11D3-BF4B-00C04F79EFBC}") = "RevitAddIn", "RevitAddIn\RevitAddIn.csproj", "{CE8A456F-EA27-4797-A1A6-765FC983F8D4}"
EndProject
Project("{FAE04EC0-301F-11D3-BF4B-00C04F79EFBC}") = "Module", "Module\Module.csproj", "{F7C8E4DF-075E-4C3E-9EE5-8F525F081A55}"
EndProject
Project("{FAE04EC0-301F-11D3-BF4B-00C04F79EFBC}") = "Module2", "Module2\Module2.csproj", "{135A0B6E-485F-4C96-BA17-86C2A4302BFF}"
EndProject
Global
	GlobalSection(SolutionConfigurationPlatforms) = preSolution
		Debug R20|Any CPU = Debug R20|Any CPU
		Debug R21|Any CPU = Debug R21|Any CPU
		Debug R22|Any CPU = Debug R22|Any CPU
		Debug R23|Any CPU = Debug R23|Any CPU
		Debug R24|Any CPU = Debug R24|Any CPU
		Debug R25|Any CPU = Debug R25|Any CPU
		Release R20|Any CPU = Release R20|Any CPU
		Release R21|Any CPU = Release R21|Any CPU
		Release R22|Any CPU = Release R22|Any CPU
		Release R23|Any CPU = Release R23|Any CPU
		Release R24|Any CPU = Release R24|Any CPU
		Release R25|Any CPU = Release R25|Any CPU
	EndGlobalSection
	GlobalSection(ProjectConfigurationPlatforms) = postSolution
		{CE8A456F-EA27-4797-A1A6-765FC983F8D4}.Debug R20|Any CPU.ActiveCfg = Debug R20|Any CPU
		{CE8A456F-EA27-4797-A1A6-765FC983F8D4}.Debug R20|Any CPU.Build.0 = Debug R20|Any CPU
		{CE8A456F-EA27-4797-A1A6-765FC983F8D4}.Debug R21|Any CPU.ActiveCfg = Debug R21|Any CPU
		{CE8A456F-EA27-4797-A1A6-765FC983F8D4}.Debug R21|Any CPU.Build.0 = Debug R21|Any CPU
		{CE8A456F-EA27-4797-A1A6-765FC983F8D4}.Debug R22|Any CPU.ActiveCfg = Debug R22|Any CPU
		{CE8A456F-EA27-4797-A1A6-765FC983F8D4}.Debug R22|Any CPU.Build.0 = Debug R22|Any CPU
		{CE8A456F-EA27-4797-A1A6-765FC983F8D4}.Debug R23|Any CPU.ActiveCfg = Debug R23|Any CPU
		{CE8A456F-EA27-4797-A1A6-765FC983F8D4}.Debug R23|Any CPU.Build.0 = Debug R23|Any CPU
		{CE8A456F-EA27-4797-A1A6-765FC983F8D4}.Debug R24|Any CPU.ActiveCfg = Debug R24|Any CPU
		{CE8A456F-EA27-4797-A1A6-765FC983F8D4}.Debug R24|Any CPU.Build.0 = Debug R24|Any CPU
		{CE8A456F-EA27-4797-A1A6-765FC983F8D4}.Debug R25|Any CPU.ActiveCfg = Debug R25|Any CPU
		{CE8A456F-EA27-4797-A1A6-765FC983F8D4}.Debug R25|Any CPU.Build.0 = Debug R25|Any CPU
		{CE8A456F-EA27-4797-A1A6-765FC983F8D4}.Release R20|Any CPU.ActiveCfg = Release R20|Any CPU
		{CE8A456F-EA27-4797-A1A6-765FC983F8D4}.Release R20|Any CPU.Build.0 = Release R20|Any CPU
		{CE8A456F-EA27-4797-A1A6-765FC983F8D4}.Release R21|Any CPU.ActiveCfg = Release R21|Any CPU
		{CE8A456F-EA27-4797-A1A6-765FC983F8D4}.Release R21|Any CPU.Build.0 = Release R21|Any CPU
		{CE8A456F-EA27-4797-A1A6-765FC983F8D4}.Release R22|Any CPU.ActiveCfg = Release R22|Any CPU
		{CE8A456F-EA27-4797-A1A6-765FC983F8D4}.Release R22|Any CPU.Build.0 = Release R22|Any CPU
		{CE8A456F-EA27-4797-A1A6-765FC983F8D4}.Release R23|Any CPU.ActiveCfg = Release R23|Any CPU
		{CE8A456F-EA27-4797-A1A6-765FC983F8D4}.Release R23|Any CPU.Build.0 = Release R23|Any CPU
		{CE8A456F-EA27-4797-A1A6-765FC983F8D4}.Release R24|Any CPU.ActiveCfg = Release R24|Any CPU
		{CE8A456F-EA27-4797-A1A6-765FC983F8D4}.Release R24|Any CPU.Build.0 = Release R24|Any CPU
		{CE8A456F-EA27-4797-A1A6-765FC983F8D4}.Release R25|Any CPU.ActiveCfg = Release R25|Any CPU
		{CE8A456F-EA27-4797-A1A6-765FC983F8D4}.Release R25|Any CPU.Build.0 = Release R25|Any CPU
		{F7C8E4DF-075E-4C3E-9EE5-8F525F081A55}.Debug R20|Any CPU.ActiveCfg = Debug R20|Any CPU
		{F7C8E4DF-075E-4C3E-9EE5-8F525F081A55}.Debug R20|Any CPU.Build.0 = Debug R20|Any CPU
		{F7C8E4DF-075E-4C3E-9EE5-8F525F081A55}.Debug R21|Any CPU.ActiveCfg = Debug R21|Any CPU
		{F7C8E4DF-075E-4C3E-9EE5-8F525F081A55}.Debug R21|Any CPU.Build.0 = Debug R21|Any CPU
		{F7C8E4DF-075E-4C3E-9EE5-8F525F081A55}.Debug R22|Any CPU.ActiveCfg = Debug R22|Any CPU
		{F7C8E4DF-075E-4C3E-9EE5-8F525F081A55}.Debug R22|Any CPU.Build.0 = Debug R22|Any CPU
		{F7C8E4DF-075E-4C3E-9EE5-8F525F081A55}.Debug R23|Any CPU.ActiveCfg = Debug R23|Any CPU
		{F7C8E4DF-075E-4C3E-9EE5-8F525F081A55}.Debug R23|Any CPU.Build.0 = Debug R23|Any CPU
		{F7C8E4DF-075E-4C3E-9EE5-8F525F081A55}.Debug R24|Any CPU.ActiveCfg = Debug R24|Any CPU
		{F7C8E4DF-075E-4C3E-9EE5-8F525F081A55}.Debug R24|Any CPU.Build.0 = Debug R24|Any CPU
		{F7C8E4DF-075E-4C3E-9EE5-8F525F081A55}.Debug R25|Any CPU.ActiveCfg = Debug R25|Any CPU
		{F7C8E4DF-075E-4C3E-9EE5-8F525F081A55}.Debug R25|Any CPU.Build.0 = Debug R25|Any CPU
		{F7C8E4DF-075E-4C3E-9EE5-8F525F081A55}.Release R20|Any CPU.ActiveCfg = Release R20|Any CPU
		{F7C8E4DF-075E-4C3E-9EE5-8F525F081A55}.Release R20|Any CPU.Build.0 = Release R20|Any CPU
		{F7C8E4DF-075E-4C3E-9EE5-8F525F081A55}.Release R21|Any CPU.ActiveCfg = Release R21|Any CPU
		{F7C8E4DF-075E-4C3E-9EE5-8F525F081A55}.Release R21|Any CPU.Build.0 = Release R21|Any CPU
		{F7C8E4DF-075E-4C3E-9EE5-8F525F081A55}.Release R22|Any CPU.ActiveCfg = Release R22|Any CPU
		{F7C8E4DF-075E-4C3E-9EE5-8F525F081A55}.Release R22|Any CPU.Build.0 = Release R22|Any CPU
		{F7C8E4DF-075E-4C3E-9EE5-8F525F081A55}.Release R23|Any CPU.ActiveCfg = Release R23|Any CPU
		{F7C8E4DF-075E-4C3E-9EE5-8F525F081A55}.Release R23|Any CPU.Build.0 = Release R23|Any CPU
		{F7C8E4DF-075E-4C3E-9EE5-8F525F081A55}.Release R24|Any CPU.ActiveCfg = Release R24|Any CPU
		{F7C8E4DF-075E-4C3E-9EE5-8F525F081A55}.Release R24|Any CPU.Build.0 = Release R24|Any CPU
		{F7C8E4DF-075E-4C3E-9EE5-8F525F081A55}.Release R25|Any CPU.ActiveCfg = Release R25|Any CPU
		{F7C8E4DF-075E-4C3E-9EE5-8F525F081A55}.Release R25|Any CPU.Build.0 = Release R25|Any CPU
		{135A0B6E-485F-4C96-BA17-86C2A4302BFF}.Debug R20|Any CPU.ActiveCfg = Debug R20|Any CPU
		{135A0B6E-485F-4C96-BA17-86C2A4302BFF}.Debug R20|Any CPU.Build.0 = Debug R20|Any CPU
		{135A0B6E-485F-4C96-BA17-86C2A4302BFF}.Debug R21|Any CPU.ActiveCfg = Debug R21|Any CPU
		{135A0B6E-485F-4C96-BA17-86C2A4302BFF}.Debug R21|Any CPU.Build.0 = Debug R21|Any CPU
		{135A0B6E-485F-4C96-BA17-86C2A4302BFF}.Debug R22|Any CPU.ActiveCfg = Debug R22|Any CPU
		{135A0B6E-485F-4C96-BA17-86C2A4302BFF}.Debug R22|Any CPU.Build.0 = Debug R22|Any CPU
		{135A0B6E-485F-4C96-BA17-86C2A4302BFF}.Debug R23|Any CPU.ActiveCfg = Debug R23|Any CPU
		{135A0B6E-485F-4C96-BA17-86C2A4302BFF}.Debug R23|Any CPU.Build.0 = Debug R23|Any CPU
		{135A0B6E-485F-4C96-BA17-86C2A4302BFF}.Debug R24|Any CPU.ActiveCfg = Debug R24|Any CPU
		{135A0B6E-485F-4C96-BA17-86C2A4302BFF}.Debug R24|Any CPU.Build.0 = Debug R24|Any CPU
		{135A0B6E-485F-4C96-BA17-86C2A4302BFF}.Debug R25|Any CPU.ActiveCfg = Debug R25|Any CPU
		{135A0B6E-485F-4C96-BA17-86C2A4302BFF}.Debug R25|Any CPU.Build.0 = Debug R25|Any CPU
		{135A0B6E-485F-4C96-BA17-86C2A4302BFF}.Release R20|Any CPU.ActiveCfg = Release R20|Any CPU
		{135A0B6E-485F-4C96-BA17-86C2A4302BFF}.Release R20|Any CPU.Build.0 = Release R20|Any CPU
		{135A0B6E-485F-4C96-BA17-86C2A4302BFF}.Release R21|Any CPU.ActiveCfg = Release R21|Any CPU
		{135A0B6E-485F-4C96-BA17-86C2A4302BFF}.Release R21|Any CPU.Build.0 = Release R21|Any CPU
		{135A0B6E-485F-4C96-BA17-86C2A4302BFF}.Release R22|Any CPU.ActiveCfg = Release R22|Any CPU
		{135A0B6E-485F-4C96-BA17-86C2A4302BFF}.Release R22|Any CPU.Build.0 = Release R22|Any CPU
		{135A0B6E-485F-4C96-BA17-86C2A4302BFF}.Release R23|Any CPU.ActiveCfg = Release R23|Any CPU
		{135A0B6E-485F-4C96-BA17-86C2A4302BFF}.Release R23|Any CPU.Build.0 = Release R23|Any CPU
		{135A0B6E-485F-4C96-BA17-86C2A4302BFF}.Release R24|Any CPU.ActiveCfg = Release R24|Any CPU
		{135A0B6E-485F-4C96-BA17-86C2A4302BFF}.Release R24|Any CPU.Build.0 = Release R24|Any CPU
		{135A0B6E-485F-4C96-BA17-86C2A4302BFF}.Release R25|Any CPU.ActiveCfg = Release R25|Any CPU
		{135A0B6E-485F-4C96-BA17-86C2A4302BFF}.Release R25|Any CPU.Build.0 = Release R25|Any CPU
	EndGlobalSection
	GlobalSection(SolutionProperties) = preSolution
		HideSolutionNode = FALSE
	EndGlobalSection
EndGlobal
